
Microsoft Visual Studio Solution File, Format Version 12.00
# Visual Studio Version 17
VisualStudioVersion = 17.5.33424.131
MinimumVisualStudioVersion = 10.0.40219.1
Project("{2150E333-8FDC-42A3-9474-1A3956D46DE8}") = "src", "src", "{39947D7B-0F35-4749-B019-190603B6FD6B}"
EndProject
Project("{9A19103F-16F7-4668-BE54-9A1E7A4F7556}") = "UpesiMoney.Core", "src\UpesiMoney.Core\UpesiMoney.Core.csproj", "{82437B09-73C1-4696-896C-275793AFCB4E}"
EndProject
Project("{9A19103F-16F7-4668-BE54-9A1E7A4F7556}") = "UpesiMoney.Infrastructure", "src\UpesiMoney.Infrastructure\UpesiMoney.Infrastructure.csproj", "{EB772CE6-FCBE-4BF7-A929-74A353426AC1}"
EndProject
Project("{FAE04EC0-301F-11D3-BF4B-00C04F79EFBC}") = "UpesiMoney.WebApi", "src\UpesiMoney.WebApi\UpesiMoney.WebApi.csproj", "{2F75A149-5877-408F-978C-E6638DAF74D6}"
EndProject
Global
	GlobalSection(SolutionConfigurationPlatforms) = preSolution
		Debug|Any CPU = Debug|Any CPU
		Release|Any CPU = Release|Any CPU
	EndGlobalSection
	GlobalSection(ProjectConfigurationPlatforms) = postSolution
		{82437B09-73C1-4696-896C-275793AFCB4E}.Debug|Any CPU.ActiveCfg = Debug|Any CPU
		{82437B09-73C1-4696-896C-275793AFCB4E}.Debug|Any CPU.Build.0 = Debug|Any CPU
		{82437B09-73C1-4696-896C-275793AFCB4E}.Release|Any CPU.ActiveCfg = Release|Any CPU
		{82437B09-73C1-4696-896C-275793AFCB4E}.Release|Any CPU.Build.0 = Release|Any CPU
		{EB772CE6-FCBE-4BF7-A929-74A353426AC1}.Debug|Any CPU.ActiveCfg = Debug|Any CPU
		{EB772CE6-FCBE-4BF7-A929-74A353426AC1}.Debug|Any CPU.Build.0 = Debug|Any CPU
		{EB772CE6-FCBE-4BF7-A929-74A353426AC1}.Release|Any CPU.ActiveCfg = Release|Any CPU
		{EB772CE6-FCBE-4BF7-A929-74A353426AC1}.Release|Any CPU.Build.0 = Release|Any CPU
		{2F75A149-5877-408F-978C-E6638DAF74D6}.Debug|Any CPU.ActiveCfg = Debug|Any CPU
		{2F75A149-5877-408F-978C-E6638DAF74D6}.Debug|Any CPU.Build.0 = Debug|Any CPU
		{2F75A149-5877-408F-978C-E6638DAF74D6}.Release|Any CPU.ActiveCfg = Release|Any CPU
		{2F75A149-5877-408F-978C-E6638DAF74D6}.Release|Any CPU.Build.0 = Release|Any CPU
	EndGlobalSection
	GlobalSection(SolutionProperties) = preSolution
		HideSolutionNode = FALSE
	EndGlobalSection
	GlobalSection(NestedProjects) = preSolution
		{82437B09-73C1-4696-896C-275793AFCB4E} = {39947D7B-0F35-4749-B019-190603B6FD6B}
		{EB772CE6-FCBE-4BF7-A929-74A353426AC1} = {39947D7B-0F35-4749-B019-190603B6FD6B}
		{2F75A149-5877-408F-978C-E6638DAF74D6} = {39947D7B-0F35-4749-B019-190603B6FD6B}
	EndGlobalSection
	GlobalSection(ExtensibilityGlobals) = postSolution
		SolutionGuid = {D4824C07-6816-4BF9-B981-1D627D2231C6}
	EndGlobalSection
EndGlobal
